
Microsoft Visual Studio Solution File, Format Version 12.00
# Visual Studio Version 17
VisualStudioVersion = 17.13.36105.23
MinimumVisualStudioVersion = 10.0.40219.1
Project("{FAE04EC0-301F-11D3-BF4B-00C04F79EFBC}") = "CyberdyneBankAtm.Api", "src\CyberdyneBankAtm.Api\CyberdyneBankAtm.Api.csproj", "{6319FFB0-F6F8-45FC-A499-89B5CE188B05}"
EndProject
Project("{FAE04EC0-301F-11D3-BF4B-00C04F79EFBC}") = "CyberdyneBankAtm.Application", "src\CyberdyneBankAtm.Application\CyberdyneBankAtm.Application.csproj", "{820B187C-C4C5-4F46-9F20-F4C516C35FA9}"
EndProject
Project("{FAE04EC0-301F-11D3-BF4B-00C04F79EFBC}") = "CyberdyneBankAtm.Domain", "src\CyberdyneBankAtm.Domain\CyberdyneBankAtm.Domain.csproj", "{D7AB8888-1968-463A-87FC-C6123F859149}"
EndProject
Project("{FAE04EC0-301F-11D3-BF4B-00C04F79EFBC}") = "CyberdyneBankAtm.Infrastructure", "src\CyberdyneBankAtm.Infrastructure\CyberdyneBankAtm.Infrastructure.csproj", "{58E03DC5-8E8A-423B-9B60-69F42B06562F}"
EndProject
Project("{FAE04EC0-301F-11D3-BF4B-00C04F79EFBC}") = "CyberdyneBankAtm.SharedKernel", "src\CyberdyneBankAtm.SharedKernel\CyberdyneBankAtm.SharedKernel.csproj", "{06BF41F0-99BB-4EEC-8A8C-DF1C30FF0E6E}"
EndProject
Global
	GlobalSection(SolutionConfigurationPlatforms) = preSolution
		Debug|Any CPU = Debug|Any CPU
		Release|Any CPU = Release|Any CPU
	EndGlobalSection
	GlobalSection(ProjectConfigurationPlatforms) = postSolution
		{6319FFB0-F6F8-45FC-A499-89B5CE188B05}.Debug|Any CPU.ActiveCfg = Debug|Any CPU
		{6319FFB0-F6F8-45FC-A499-89B5CE188B05}.Debug|Any CPU.Build.0 = Debug|Any CPU
		{6319FFB0-F6F8-45FC-A499-89B5CE188B05}.Release|Any CPU.ActiveCfg = Release|Any CPU
		{6319FFB0-F6F8-45FC-A499-89B5CE188B05}.Release|Any CPU.Build.0 = Release|Any CPU
		{820B187C-C4C5-4F46-9F20-F4C516C35FA9}.Debug|Any CPU.ActiveCfg = Debug|Any CPU
		{820B187C-C4C5-4F46-9F20-F4C516C35FA9}.Debug|Any CPU.Build.0 = Debug|Any CPU
		{820B187C-C4C5-4F46-9F20-F4C516C35FA9}.Release|Any CPU.ActiveCfg = Release|Any CPU
		{820B187C-C4C5-4F46-9F20-F4C516C35FA9}.Release|Any CPU.Build.0 = Release|Any CPU
		{D7AB8888-1968-463A-87FC-C6123F859149}.Debug|Any CPU.ActiveCfg = Debug|Any CPU
		{D7AB8888-1968-463A-87FC-C6123F859149}.Debug|Any CPU.Build.0 = Debug|Any CPU
		{D7AB8888-1968-463A-87FC-C6123F859149}.Release|Any CPU.ActiveCfg = Release|Any CPU
		{D7AB8888-1968-463A-87FC-C6123F859149}.Release|Any CPU.Build.0 = Release|Any CPU
		{58E03DC5-8E8A-423B-9B60-69F42B06562F}.Debug|Any CPU.ActiveCfg = Debug|Any CPU
		{58E03DC5-8E8A-423B-9B60-69F42B06562F}.Debug|Any CPU.Build.0 = Debug|Any CPU
		{58E03DC5-8E8A-423B-9B60-69F42B06562F}.Release|Any CPU.ActiveCfg = Release|Any CPU
		{58E03DC5-8E8A-423B-9B60-69F42B06562F}.Release|Any CPU.Build.0 = Release|Any CPU
		{06BF41F0-99BB-4EEC-8A8C-DF1C30FF0E6E}.Debug|Any CPU.ActiveCfg = Debug|Any CPU
		{06BF41F0-99BB-4EEC-8A8C-DF1C30FF0E6E}.Debug|Any CPU.Build.0 = Debug|Any CPU
		{06BF41F0-99BB-4EEC-8A8C-DF1C30FF0E6E}.Release|Any CPU.ActiveCfg = Release|Any CPU
		{06BF41F0-99BB-4EEC-8A8C-DF1C30FF0E6E}.Release|Any CPU.Build.0 = Release|Any CPU
	EndGlobalSection
	GlobalSection(SolutionProperties) = preSolution
		HideSolutionNode = FALSE
	EndGlobalSection
	GlobalSection(ExtensibilityGlobals) = postSolution
		SolutionGuid = {5F510893-D62D-4D06-AD09-9A2E70E43EB0}
	EndGlobalSection
EndGlobal
